// !$*UTF8*$!
{
	archiveVersion = 1;
	classes = {
	};
	objectVersion = 55;
	objects = {

/* Begin PBXBuildFile section */
		582399B5758B5584AB24447E /* Pods_GameDemo_iOS.framework in Frameworks */ = {isa = PBXBuildFile; fileRef = D581EACAAF359BFD24905AA0 /* Pods_GameDemo_iOS.framework */; };
		6F032B532A036B0000F09127 /* SKScrollingNode.swift in Sources */ = {isa = PBXBuildFile; fileRef = 6F032B522A036B0000F09127 /* SKScrollingNode.swift */; };
		6F032B542A036B0000F09127 /* SKScrollingNode.swift in Sources */ = {isa = PBXBuildFile; fileRef = 6F032B522A036B0000F09127 /* SKScrollingNode.swift */; };
		6F3A249E29FB57C700CC8DBD /* AppDelegate.swift in Sources */ = {isa = PBXBuildFile; fileRef = 6F3A249D29FB57C700CC8DBD /* AppDelegate.swift */; };
		6F3A24A029FB57C700CC8DBD /* GameViewController.swift in Sources */ = {isa = PBXBuildFile; fileRef = 6F3A249F29FB57C700CC8DBD /* GameViewController.swift */; };
		6F3A24A329FB57C700CC8DBD /* Main.storyboard in Resources */ = {isa = PBXBuildFile; fileRef = 6F3A24A129FB57C700CC8DBD /* Main.storyboard */; };
		6F3A24A629FB57C700CC8DBD /* LaunchScreen.storyboard in Resources */ = {isa = PBXBuildFile; fileRef = 6F3A24A429FB57C700CC8DBD /* LaunchScreen.storyboard */; };
		6F3A24AE29FB57C700CC8DBD /* AppDelegate.swift in Sources */ = {isa = PBXBuildFile; fileRef = 6F3A24AD29FB57C700CC8DBD /* AppDelegate.swift */; };
		6F3A24B029FB57C700CC8DBD /* GameViewController.swift in Sources */ = {isa = PBXBuildFile; fileRef = 6F3A24AF29FB57C700CC8DBD /* GameViewController.swift */; };
		6F3A24B329FB57C700CC8DBD /* Main.storyboard in Resources */ = {isa = PBXBuildFile; fileRef = 6F3A24B129FB57C700CC8DBD /* Main.storyboard */; };
		6F3A24B529FB57C700CC8DBD /* Actions.sks in Resources */ = {isa = PBXBuildFile; fileRef = 6F3A249229FB57C600CC8DBD /* Actions.sks */; };
		6F3A24B629FB57C700CC8DBD /* Actions.sks in Resources */ = {isa = PBXBuildFile; fileRef = 6F3A249229FB57C600CC8DBD /* Actions.sks */; };
		6F3A24B729FB57C700CC8DBD /* GameScene.sks in Resources */ = {isa = PBXBuildFile; fileRef = 6F3A249329FB57C600CC8DBD /* GameScene.sks */; };
		6F3A24B829FB57C700CC8DBD /* GameScene.sks in Resources */ = {isa = PBXBuildFile; fileRef = 6F3A249329FB57C600CC8DBD /* GameScene.sks */; };
		6F3A24B929FB57C700CC8DBD /* GameScene.swift in Sources */ = {isa = PBXBuildFile; fileRef = 6F3A249429FB57C600CC8DBD /* GameScene.swift */; };
		6F3A24BA29FB57C700CC8DBD /* GameScene.swift in Sources */ = {isa = PBXBuildFile; fileRef = 6F3A249429FB57C600CC8DBD /* GameScene.swift */; };
		6F3A24BB29FB57C700CC8DBD /* Assets.xcassets in Resources */ = {isa = PBXBuildFile; fileRef = 6F3A249529FB57C700CC8DBD /* Assets.xcassets */; };
		6F3A24BC29FB57C700CC8DBD /* Assets.xcassets in Resources */ = {isa = PBXBuildFile; fileRef = 6F3A249529FB57C700CC8DBD /* Assets.xcassets */; };
		C8B3771E71F4B8499C730BA8 /* Pods_GameDemo_macOS.framework in Frameworks */ = {isa = PBXBuildFile; fileRef = 9C4F1FFED8D3862352F8F873 /* Pods_GameDemo_macOS.framework */; };
/* End PBXBuildFile section */

/* Begin PBXFileReference section */
		16A7BAB4790FB698AD2AFE2F /* Pods-GameDemo macOS.debug.xcconfig */ = {isa = PBXFileReference; includeInIndex = 1; lastKnownFileType = text.xcconfig; name = "Pods-GameDemo macOS.debug.xcconfig"; path = "Target Support Files/Pods-GameDemo macOS/Pods-GameDemo macOS.debug.xcconfig"; sourceTree = "<group>"; };
		2DDEDF1C927E9B7AAE5D443D /* Pods-GameDemo iOS.debug.xcconfig */ = {isa = PBXFileReference; includeInIndex = 1; lastKnownFileType = text.xcconfig; name = "Pods-GameDemo iOS.debug.xcconfig"; path = "Target Support Files/Pods-GameDemo iOS/Pods-GameDemo iOS.debug.xcconfig"; sourceTree = "<group>"; };
		5A1E3BC50CD5201C0582333E /* Pods-GameDemo macOS.release.xcconfig */ = {isa = PBXFileReference; includeInIndex = 1; lastKnownFileType = text.xcconfig; name = "Pods-GameDemo macOS.release.xcconfig"; path = "Target Support Files/Pods-GameDemo macOS/Pods-GameDemo macOS.release.xcconfig"; sourceTree = "<group>"; };
		6F032B522A036B0000F09127 /* SKScrollingNode.swift */ = {isa = PBXFileReference; lastKnownFileType = sourcecode.swift; path = SKScrollingNode.swift; sourceTree = "<group>"; };
		6F3A249229FB57C600CC8DBD /* Actions.sks */ = {isa = PBXFileReference; lastKnownFileType = file.sks; path = Actions.sks; sourceTree = "<group>"; };
		6F3A249329FB57C600CC8DBD /* GameScene.sks */ = {isa = PBXFileReference; lastKnownFileType = file.sks; path = GameScene.sks; sourceTree = "<group>"; };
		6F3A249429FB57C600CC8DBD /* GameScene.swift */ = {isa = PBXFileReference; lastKnownFileType = sourcecode.swift; path = GameScene.swift; sourceTree = "<group>"; };
		6F3A249529FB57C700CC8DBD /* Assets.xcassets */ = {isa = PBXFileReference; lastKnownFileType = folder.assetcatalog; path = Assets.xcassets; sourceTree = "<group>"; };
		6F3A249A29FB57C700CC8DBD /* GameDemo.app */ = {isa = PBXFileReference; explicitFileType = wrapper.application; includeInIndex = 0; path = GameDemo.app; sourceTree = BUILT_PRODUCTS_DIR; };
		6F3A249D29FB57C700CC8DBD /* AppDelegate.swift */ = {isa = PBXFileReference; lastKnownFileType = sourcecode.swift; path = AppDelegate.swift; sourceTree = "<group>"; };
		6F3A249F29FB57C700CC8DBD /* GameViewController.swift */ = {isa = PBXFileReference; lastKnownFileType = sourcecode.swift; path = GameViewController.swift; sourceTree = "<group>"; };
		6F3A24A229FB57C700CC8DBD /* Base */ = {isa = PBXFileReference; lastKnownFileType = file.storyboard; name = Base; path = Base.lproj/Main.storyboard; sourceTree = "<group>"; };
		6F3A24A529FB57C700CC8DBD /* Base */ = {isa = PBXFileReference; lastKnownFileType = file.storyboard; name = Base; path = Base.lproj/LaunchScreen.storyboard; sourceTree = "<group>"; };
		6F3A24AB29FB57C700CC8DBD /* GameDemo.app */ = {isa = PBXFileReference; explicitFileType = wrapper.application; includeInIndex = 0; path = GameDemo.app; sourceTree = BUILT_PRODUCTS_DIR; };
		6F3A24AD29FB57C700CC8DBD /* AppDelegate.swift */ = {isa = PBXFileReference; lastKnownFileType = sourcecode.swift; path = AppDelegate.swift; sourceTree = "<group>"; };
		6F3A24AF29FB57C700CC8DBD /* GameViewController.swift */ = {isa = PBXFileReference; lastKnownFileType = sourcecode.swift; path = GameViewController.swift; sourceTree = "<group>"; };
		6F3A24B229FB57C700CC8DBD /* Base */ = {isa = PBXFileReference; lastKnownFileType = file.storyboard; name = Base; path = Base.lproj/Main.storyboard; sourceTree = "<group>"; };
		6F3A24B429FB57C700CC8DBD /* GameDemo_macOS.entitlements */ = {isa = PBXFileReference; lastKnownFileType = text.plist.entitlements; path = GameDemo_macOS.entitlements; sourceTree = "<group>"; };
		6F3A24C529FBB39C00CC8DBD /* GameDemo iOS.entitlements */ = {isa = PBXFileReference; lastKnownFileType = text.plist.entitlements; path = "GameDemo iOS.entitlements"; sourceTree = "<group>"; };
		9C4F1FFED8D3862352F8F873 /* Pods_GameDemo_macOS.framework */ = {isa = PBXFileReference; explicitFileType = wrapper.framework; includeInIndex = 0; path = Pods_GameDemo_macOS.framework; sourceTree = BUILT_PRODUCTS_DIR; };
		B60EED2961B6FE67DF3E3FD3 /* Pods-GameDemo iOS.release.xcconfig */ = {isa = PBXFileReference; includeInIndex = 1; lastKnownFileType = text.xcconfig; name = "Pods-GameDemo iOS.release.xcconfig"; path = "Target Support Files/Pods-GameDemo iOS/Pods-GameDemo iOS.release.xcconfig"; sourceTree = "<group>"; };
		D581EACAAF359BFD24905AA0 /* Pods_GameDemo_iOS.framework */ = {isa = PBXFileReference; explicitFileType = wrapper.framework; includeInIndex = 0; path = Pods_GameDemo_iOS.framework; sourceTree = BUILT_PRODUCTS_DIR; };
/* End PBXFileReference section */

/* Begin PBXFrameworksBuildPhase section */
		6F3A249729FB57C700CC8DBD /* Frameworks */ = {
			isa = PBXFrameworksBuildPhase;
			buildActionMask = 2147483647;
			files = (
				582399B5758B5584AB24447E /* Pods_GameDemo_iOS.framework in Frameworks */,
			);
			runOnlyForDeploymentPostprocessing = 0;
		};
		6F3A24A829FB57C700CC8DBD /* Frameworks */ = {
			isa = PBXFrameworksBuildPhase;
			buildActionMask = 2147483647;
			files = (
				C8B3771E71F4B8499C730BA8 /* Pods_GameDemo_macOS.framework in Frameworks */,
			);
			runOnlyForDeploymentPostprocessing = 0;
		};
/* End PBXFrameworksBuildPhase section */

/* Begin PBXGroup section */
		6F3A248C29FB57C500CC8DBD = {
			isa = PBXGroup;
			children = (
				6F3A249129FB57C600CC8DBD /* GameDemo Shared */,
				6F3A249C29FB57C700CC8DBD /* GameDemo iOS */,
				6F3A24AC29FB57C700CC8DBD /* GameDemo macOS */,
				6F3A249B29FB57C700CC8DBD /* Products */,
				7AAE0A61564813E94D88B937 /* Pods */,
				AAD1FF27296C1559098C18B0 /* Frameworks */,
			);
			sourceTree = "<group>";
		};
		6F3A249129FB57C600CC8DBD /* GameDemo Shared */ = {
			isa = PBXGroup;
			children = (
				6F3A249229FB57C600CC8DBD /* Actions.sks */,
				6F3A249329FB57C600CC8DBD /* GameScene.sks */,
				6F3A249429FB57C600CC8DBD /* GameScene.swift */,
				6F032B522A036B0000F09127 /* SKScrollingNode.swift */,
				6F3A249529FB57C700CC8DBD /* Assets.xcassets */,
			);
			path = "GameDemo Shared";
			sourceTree = "<group>";
		};
		6F3A249B29FB57C700CC8DBD /* Products */ = {
			isa = PBXGroup;
			children = (
				6F3A249A29FB57C700CC8DBD /* GameDemo.app */,
				6F3A24AB29FB57C700CC8DBD /* GameDemo.app */,
			);
			name = Products;
			sourceTree = "<group>";
		};
		6F3A249C29FB57C700CC8DBD /* GameDemo iOS */ = {
			isa = PBXGroup;
			children = (
				6F3A24C529FBB39C00CC8DBD /* GameDemo iOS.entitlements */,
				6F3A249D29FB57C700CC8DBD /* AppDelegate.swift */,
				6F3A249F29FB57C700CC8DBD /* GameViewController.swift */,
				6F3A24A129FB57C700CC8DBD /* Main.storyboard */,
				6F3A24A429FB57C700CC8DBD /* LaunchScreen.storyboard */,
			);
			path = "GameDemo iOS";
			sourceTree = "<group>";
		};
		6F3A24AC29FB57C700CC8DBD /* GameDemo macOS */ = {
			isa = PBXGroup;
			children = (
				6F3A24AD29FB57C700CC8DBD /* AppDelegate.swift */,
				6F3A24AF29FB57C700CC8DBD /* GameViewController.swift */,
				6F3A24B129FB57C700CC8DBD /* Main.storyboard */,
				6F3A24B429FB57C700CC8DBD /* GameDemo_macOS.entitlements */,
			);
			path = "GameDemo macOS";
			sourceTree = "<group>";
		};
		7AAE0A61564813E94D88B937 /* Pods */ = {
			isa = PBXGroup;
			children = (
				2DDEDF1C927E9B7AAE5D443D /* Pods-GameDemo iOS.debug.xcconfig */,
				B60EED2961B6FE67DF3E3FD3 /* Pods-GameDemo iOS.release.xcconfig */,
				16A7BAB4790FB698AD2AFE2F /* Pods-GameDemo macOS.debug.xcconfig */,
				5A1E3BC50CD5201C0582333E /* Pods-GameDemo macOS.release.xcconfig */,
			);
			path = Pods;
			sourceTree = "<group>";
		};
		AAD1FF27296C1559098C18B0 /* Frameworks */ = {
			isa = PBXGroup;
			children = (
				D581EACAAF359BFD24905AA0 /* Pods_GameDemo_iOS.framework */,
				9C4F1FFED8D3862352F8F873 /* Pods_GameDemo_macOS.framework */,
			);
			name = Frameworks;
			sourceTree = "<group>";
		};
/* End PBXGroup section */

/* Begin PBXNativeTarget section */
		6F3A249929FB57C700CC8DBD /* GameDemo iOS */ = {
			isa = PBXNativeTarget;
			buildConfigurationList = 6F3A24BF29FB57C700CC8DBD /* Build configuration list for PBXNativeTarget "GameDemo iOS" */;
			buildPhases = (
				2013DF9FB5C88400989AE0F9 /* [CP] Check Pods Manifest.lock */,
				6F3A249629FB57C700CC8DBD /* Sources */,
				6F3A249729FB57C700CC8DBD /* Frameworks */,
				6F3A249829FB57C700CC8DBD /* Resources */,
				9B07ED2808B8F249B2DD38E4 /* [CP] Embed Pods Frameworks */,
			);
			buildRules = (
			);
			dependencies = (
			);
			name = "GameDemo iOS";
			productName = "GameDemo iOS";
			productReference = 6F3A249A29FB57C700CC8DBD /* GameDemo.app */;
			productType = "com.apple.product-type.application";
		};
		6F3A24AA29FB57C700CC8DBD /* GameDemo macOS */ = {
			isa = PBXNativeTarget;
			buildConfigurationList = 6F3A24C229FB57C700CC8DBD /* Build configuration list for PBXNativeTarget "GameDemo macOS" */;
			buildPhases = (
				29D9887606A33C733C74A589 /* [CP] Check Pods Manifest.lock */,
				6F3A24A729FB57C700CC8DBD /* Sources */,
				6F3A24A829FB57C700CC8DBD /* Frameworks */,
				6F3A24A929FB57C700CC8DBD /* Resources */,
				987F7AC734C5A80B1C7CDB4E /* [CP] Embed Pods Frameworks */,
			);
			buildRules = (
			);
			dependencies = (
			);
			name = "GameDemo macOS";
			productName = "GameDemo macOS";
			productReference = 6F3A24AB29FB57C700CC8DBD /* GameDemo.app */;
			productType = "com.apple.product-type.application";
		};
/* End PBXNativeTarget section */

/* Begin PBXProject section */
		6F3A248D29FB57C500CC8DBD /* Project object */ = {
			isa = PBXProject;
			attributes = {
				BuildIndependentTargetsInParallel = 1;
				LastSwiftUpdateCheck = 1420;
				LastUpgradeCheck = 1420;
				TargetAttributes = {
					6F3A249929FB57C700CC8DBD = {
						CreatedOnToolsVersion = 14.2;
					};
					6F3A24AA29FB57C700CC8DBD = {
						CreatedOnToolsVersion = 14.2;
					};
				};
			};
			buildConfigurationList = 6F3A249029FB57C500CC8DBD /* Build configuration list for PBXProject "GameDemo" */;
			compatibilityVersion = "Xcode 13.0";
			developmentRegion = en;
			hasScannedForEncodings = 0;
			knownRegions = (
				en,
				Base,
			);
			mainGroup = 6F3A248C29FB57C500CC8DBD;
			productRefGroup = 6F3A249B29FB57C700CC8DBD /* Products */;
			projectDirPath = "";
			projectRoot = "";
			targets = (
				6F3A249929FB57C700CC8DBD /* GameDemo iOS */,
				6F3A24AA29FB57C700CC8DBD /* GameDemo macOS */,
			);
		};
/* End PBXProject section */

/* Begin PBXResourcesBuildPhase section */
		6F3A249829FB57C700CC8DBD /* Resources */ = {
			isa = PBXResourcesBuildPhase;
			buildActionMask = 2147483647;
			files = (
				6F3A24B729FB57C700CC8DBD /* GameScene.sks in Resources */,
				6F3A24A329FB57C700CC8DBD /* Main.storyboard in Resources */,
				6F3A24B529FB57C700CC8DBD /* Actions.sks in Resources */,
				6F3A24A629FB57C700CC8DBD /* LaunchScreen.storyboard in Resources */,
				6F3A24BB29FB57C700CC8DBD /* Assets.xcassets in Resources */,
			);
			runOnlyForDeploymentPostprocessing = 0;
		};
		6F3A24A929FB57C700CC8DBD /* Resources */ = {
			isa = PBXResourcesBuildPhase;
			buildActionMask = 2147483647;
			files = (
				6F3A24B329FB57C700CC8DBD /* Main.storyboard in Resources */,
				6F3A24B829FB57C700CC8DBD /* GameScene.sks in Resources */,
				6F3A24BC29FB57C700CC8DBD /* Assets.xcassets in Resources */,
				6F3A24B629FB57C700CC8DBD /* Actions.sks in Resources */,
			);
			runOnlyForDeploymentPostprocessing = 0;
		};
/* End PBXResourcesBuildPhase section */

/* Begin PBXShellScriptBuildPhase section */
		2013DF9FB5C88400989AE0F9 /* [CP] Check Pods Manifest.lock */ = {
			isa = PBXShellScriptBuildPhase;
			buildActionMask = 2147483647;
			files = (
			);
			inputFileListPaths = (
			);
			inputPaths = (
				"${PODS_PODFILE_DIR_PATH}/Podfile.lock",
				"${PODS_ROOT}/Manifest.lock",
			);
			name = "[CP] Check Pods Manifest.lock";
			outputFileListPaths = (
			);
			outputPaths = (
				"$(DERIVED_FILE_DIR)/Pods-GameDemo iOS-checkManifestLockResult.txt",
			);
			runOnlyForDeploymentPostprocessing = 0;
			shellPath = /bin/sh;
			shellScript = "diff \"${PODS_PODFILE_DIR_PATH}/Podfile.lock\" \"${PODS_ROOT}/Manifest.lock\" > /dev/null\nif [ $? != 0 ] ; then\n    # print error to STDERR\n    echo \"error: The sandbox is not in sync with the Podfile.lock. Run 'pod install' or update your CocoaPods installation.\" >&2\n    exit 1\nfi\n# This output is used by Xcode 'outputs' to avoid re-running this script phase.\necho \"SUCCESS\" > \"${SCRIPT_OUTPUT_FILE_0}\"\n";
			showEnvVarsInLog = 0;
		};
		29D9887606A33C733C74A589 /* [CP] Check Pods Manifest.lock */ = {
			isa = PBXShellScriptBuildPhase;
			buildActionMask = 2147483647;
			files = (
			);
			inputFileListPaths = (
			);
			inputPaths = (
				"${PODS_PODFILE_DIR_PATH}/Podfile.lock",
				"${PODS_ROOT}/Manifest.lock",
			);
			name = "[CP] Check Pods Manifest.lock";
			outputFileListPaths = (
			);
			outputPaths = (
				"$(DERIVED_FILE_DIR)/Pods-GameDemo macOS-checkManifestLockResult.txt",
			);
			runOnlyForDeploymentPostprocessing = 0;
			shellPath = /bin/sh;
			shellScript = "diff \"${PODS_PODFILE_DIR_PATH}/Podfile.lock\" \"${PODS_ROOT}/Manifest.lock\" > /dev/null\nif [ $? != 0 ] ; then\n    # print error to STDERR\n    echo \"error: The sandbox is not in sync with the Podfile.lock. Run 'pod install' or update your CocoaPods installation.\" >&2\n    exit 1\nfi\n# This output is used by Xcode 'outputs' to avoid re-running this script phase.\necho \"SUCCESS\" > \"${SCRIPT_OUTPUT_FILE_0}\"\n";
			showEnvVarsInLog = 0;
		};
		987F7AC734C5A80B1C7CDB4E /* [CP] Embed Pods Frameworks */ = {
			isa = PBXShellScriptBuildPhase;
			buildActionMask = 2147483647;
			files = (
			);
			inputFileListPaths = (
				"${PODS_ROOT}/Target Support Files/Pods-GameDemo macOS/Pods-GameDemo macOS-frameworks-${CONFIGURATION}-input-files.xcfilelist",
			);
			name = "[CP] Embed Pods Frameworks";
			outputFileListPaths = (
				"${PODS_ROOT}/Target Support Files/Pods-GameDemo macOS/Pods-GameDemo macOS-frameworks-${CONFIGURATION}-output-files.xcfilelist",
			);
			runOnlyForDeploymentPostprocessing = 0;
			shellPath = /bin/sh;
			shellScript = "\"${PODS_ROOT}/Target Support Files/Pods-GameDemo macOS/Pods-GameDemo macOS-frameworks.sh\"\n";
			showEnvVarsInLog = 0;
		};
		9B07ED2808B8F249B2DD38E4 /* [CP] Embed Pods Frameworks */ = {
			isa = PBXShellScriptBuildPhase;
			buildActionMask = 2147483647;
			files = (
			);
			inputFileListPaths = (
				"${PODS_ROOT}/Target Support Files/Pods-GameDemo iOS/Pods-GameDemo iOS-frameworks-${CONFIGURATION}-input-files.xcfilelist",
			);
			name = "[CP] Embed Pods Frameworks";
			outputFileListPaths = (
				"${PODS_ROOT}/Target Support Files/Pods-GameDemo iOS/Pods-GameDemo iOS-frameworks-${CONFIGURATION}-output-files.xcfilelist",
			);
			runOnlyForDeploymentPostprocessing = 0;
			shellPath = /bin/sh;
			shellScript = "\"${PODS_ROOT}/Target Support Files/Pods-GameDemo iOS/Pods-GameDemo iOS-frameworks.sh\"\n";
			showEnvVarsInLog = 0;
		};
/* End PBXShellScriptBuildPhase section */

/* Begin PBXSourcesBuildPhase section */
		6F3A249629FB57C700CC8DBD /* Sources */ = {
			isa = PBXSourcesBuildPhase;
			buildActionMask = 2147483647;
			files = (
				6F3A24B929FB57C700CC8DBD /* GameScene.swift in Sources */,
				6F032B532A036B0000F09127 /* SKScrollingNode.swift in Sources */,
				6F3A24A029FB57C700CC8DBD /* GameViewController.swift in Sources */,
				6F3A249E29FB57C700CC8DBD /* AppDelegate.swift in Sources */,
			);
			runOnlyForDeploymentPostprocessing = 0;
		};
		6F3A24A729FB57C700CC8DBD /* Sources */ = {
			isa = PBXSourcesBuildPhase;
			buildActionMask = 2147483647;
			files = (
				6F3A24BA29FB57C700CC8DBD /* GameScene.swift in Sources */,
				6F032B542A036B0000F09127 /* SKScrollingNode.swift in Sources */,
				6F3A24B029FB57C700CC8DBD /* GameViewController.swift in Sources */,
				6F3A24AE29FB57C700CC8DBD /* AppDelegate.swift in Sources */,
			);
			runOnlyForDeploymentPostprocessing = 0;
		};
/* End PBXSourcesBuildPhase section */

/* Begin PBXVariantGroup section */
		6F3A24A129FB57C700CC8DBD /* Main.storyboard */ = {
			isa = PBXVariantGroup;
			children = (
				6F3A24A229FB57C700CC8DBD /* Base */,
			);
			name = Main.storyboard;
			sourceTree = "<group>";
		};
		6F3A24A429FB57C700CC8DBD /* LaunchScreen.storyboard */ = {
			isa = PBXVariantGroup;
			children = (
				6F3A24A529FB57C700CC8DBD /* Base */,
			);
			name = LaunchScreen.storyboard;
			sourceTree = "<group>";
		};
		6F3A24B129FB57C700CC8DBD /* Main.storyboard */ = {
			isa = PBXVariantGroup;
			children = (
				6F3A24B229FB57C700CC8DBD /* Base */,
			);
			name = Main.storyboard;
			sourceTree = "<group>";
		};
/* End PBXVariantGroup section */

/* Begin XCBuildConfiguration section */
		6F3A24BD29FB57C700CC8DBD /* Debug */ = {
			isa = XCBuildConfiguration;
			buildSettings = {
				ALWAYS_SEARCH_USER_PATHS = NO;
				CLANG_ANALYZER_NONNULL = YES;
				CLANG_ANALYZER_NUMBER_OBJECT_CONVERSION = YES_AGGRESSIVE;
				CLANG_CXX_LANGUAGE_STANDARD = "gnu++20";
				CLANG_ENABLE_MODULES = YES;
				CLANG_ENABLE_OBJC_ARC = YES;
				CLANG_ENABLE_OBJC_WEAK = YES;
				CLANG_WARN_BLOCK_CAPTURE_AUTORELEASING = YES;
				CLANG_WARN_BOOL_CONVERSION = YES;
				CLANG_WARN_COMMA = YES;
				CLANG_WARN_CONSTANT_CONVERSION = YES;
				CLANG_WARN_DEPRECATED_OBJC_IMPLEMENTATIONS = YES;
				CLANG_WARN_DIRECT_OBJC_ISA_USAGE = YES_ERROR;
				CLANG_WARN_DOCUMENTATION_COMMENTS = YES;
				CLANG_WARN_EMPTY_BODY = YES;
				CLANG_WARN_ENUM_CONVERSION = YES;
				CLANG_WARN_INFINITE_RECURSION = YES;
				CLANG_WARN_INT_CONVERSION = YES;
				CLANG_WARN_NON_LITERAL_NULL_CONVERSION = YES;
				CLANG_WARN_OBJC_IMPLICIT_RETAIN_SELF = YES;
				CLANG_WARN_OBJC_LITERAL_CONVERSION = YES;
				CLANG_WARN_OBJC_ROOT_CLASS = YES_ERROR;
				CLANG_WARN_QUOTED_INCLUDE_IN_FRAMEWORK_HEADER = YES;
				CLANG_WARN_RANGE_LOOP_ANALYSIS = YES;
				CLANG_WARN_STRICT_PROTOTYPES = YES;
				CLANG_WARN_SUSPICIOUS_MOVE = YES;
				CLANG_WARN_UNGUARDED_AVAILABILITY = YES_AGGRESSIVE;
				CLANG_WARN_UNREACHABLE_CODE = YES;
				CLANG_WARN__DUPLICATE_METHOD_MATCH = YES;
				COPY_PHASE_STRIP = NO;
				DEBUG_INFORMATION_FORMAT = dwarf;
				ENABLE_STRICT_OBJC_MSGSEND = YES;
				ENABLE_TESTABILITY = YES;
				GCC_C_LANGUAGE_STANDARD = gnu11;
				GCC_DYNAMIC_NO_PIC = NO;
				GCC_NO_COMMON_BLOCKS = YES;
				GCC_OPTIMIZATION_LEVEL = 0;
				GCC_PREPROCESSOR_DEFINITIONS = (
					"DEBUG=1",
					"$(inherited)",
				);
				GCC_WARN_64_TO_32_BIT_CONVERSION = YES;
				GCC_WARN_ABOUT_RETURN_TYPE = YES_ERROR;
				GCC_WARN_UNDECLARED_SELECTOR = YES;
				GCC_WARN_UNINITIALIZED_AUTOS = YES_AGGRESSIVE;
				GCC_WARN_UNUSED_FUNCTION = YES;
				GCC_WARN_UNUSED_VARIABLE = YES;
				MTL_ENABLE_DEBUG_INFO = INCLUDE_SOURCE;
				MTL_FAST_MATH = YES;
				ONLY_ACTIVE_ARCH = YES;
				SWIFT_ACTIVE_COMPILATION_CONDITIONS = DEBUG;
				SWIFT_OPTIMIZATION_LEVEL = "-Onone";
			};
			name = Debug;
		};
		6F3A24BE29FB57C700CC8DBD /* Release */ = {
			isa = XCBuildConfiguration;
			buildSettings = {
				ALWAYS_SEARCH_USER_PATHS = NO;
				CLANG_ANALYZER_NONNULL = YES;
				CLANG_ANALYZER_NUMBER_OBJECT_CONVERSION = YES_AGGRESSIVE;
				CLANG_CXX_LANGUAGE_STANDARD = "gnu++20";
				CLANG_ENABLE_MODULES = YES;
				CLANG_ENABLE_OBJC_ARC = YES;
				CLANG_ENABLE_OBJC_WEAK = YES;
				CLANG_WARN_BLOCK_CAPTURE_AUTORELEASING = YES;
				CLANG_WARN_BOOL_CONVERSION = YES;
				CLANG_WARN_COMMA = YES;
				CLANG_WARN_CONSTANT_CONVERSION = YES;
				CLANG_WARN_DEPRECATED_OBJC_IMPLEMENTATIONS = YES;
				CLANG_WARN_DIRECT_OBJC_ISA_USAGE = YES_ERROR;
				CLANG_WARN_DOCUMENTATION_COMMENTS = YES;
				CLANG_WARN_EMPTY_BODY = YES;
				CLANG_WARN_ENUM_CONVERSION = YES;
				CLANG_WARN_INFINITE_RECURSION = YES;
				CLANG_WARN_INT_CONVERSION = YES;
				CLANG_WARN_NON_LITERAL_NULL_CONVERSION = YES;
				CLANG_WARN_OBJC_IMPLICIT_RETAIN_SELF = YES;
				CLANG_WARN_OBJC_LITERAL_CONVERSION = YES;
				CLANG_WARN_OBJC_ROOT_CLASS = YES_ERROR;
				CLANG_WARN_QUOTED_INCLUDE_IN_FRAMEWORK_HEADER = YES;
				CLANG_WARN_RANGE_LOOP_ANALYSIS = YES;
				CLANG_WARN_STRICT_PROTOTYPES = YES;
				CLANG_WARN_SUSPICIOUS_MOVE = YES;
				CLANG_WARN_UNGUARDED_AVAILABILITY = YES_AGGRESSIVE;
				CLANG_WARN_UNREACHABLE_CODE = YES;
				CLANG_WARN__DUPLICATE_METHOD_MATCH = YES;
				COPY_PHASE_STRIP = NO;
				DEBUG_INFORMATION_FORMAT = "dwarf-with-dsym";
				ENABLE_NS_ASSERTIONS = NO;
				ENABLE_STRICT_OBJC_MSGSEND = YES;
				GCC_C_LANGUAGE_STANDARD = gnu11;
				GCC_NO_COMMON_BLOCKS = YES;
				GCC_WARN_64_TO_32_BIT_CONVERSION = YES;
				GCC_WARN_ABOUT_RETURN_TYPE = YES_ERROR;
				GCC_WARN_UNDECLARED_SELECTOR = YES;
				GCC_WARN_UNINITIALIZED_AUTOS = YES_AGGRESSIVE;
				GCC_WARN_UNUSED_FUNCTION = YES;
				GCC_WARN_UNUSED_VARIABLE = YES;
				MTL_ENABLE_DEBUG_INFO = NO;
				MTL_FAST_MATH = YES;
				SWIFT_COMPILATION_MODE = wholemodule;
				SWIFT_OPTIMIZATION_LEVEL = "-O";
			};
			name = Release;
		};
		6F3A24C029FB57C700CC8DBD /* Debug */ = {
			isa = XCBuildConfiguration;
			baseConfigurationReference = 2DDEDF1C927E9B7AAE5D443D /* Pods-GameDemo iOS.debug.xcconfig */;
			buildSettings = {
				ASSETCATALOG_COMPILER_APPICON_NAME = AppIcon;
				ASSETCATALOG_COMPILER_GLOBAL_ACCENT_COLOR_NAME = AccentColor;
				CODE_SIGN_ENTITLEMENTS = "GameDemo iOS/GameDemo iOS.entitlements";
				CODE_SIGN_STYLE = Automatic;
				CURRENT_PROJECT_VERSION = 1;
				DEVELOPMENT_TEAM = V89PMZ37N9;
				GENERATE_INFOPLIST_FILE = YES;
				INFOPLIST_KEY_NSLocalNetworkUsageDescription = need;
				INFOPLIST_KEY_UIApplicationSupportsIndirectInputEvents = YES;
				INFOPLIST_KEY_UILaunchStoryboardName = LaunchScreen;
				INFOPLIST_KEY_UIMainStoryboardFile = Main;
				INFOPLIST_KEY_UIStatusBarHidden = YES;
				INFOPLIST_KEY_UISupportedInterfaceOrientations_iPad = "UIInterfaceOrientationPortrait UIInterfaceOrientationPortraitUpsideDown UIInterfaceOrientationLandscapeLeft UIInterfaceOrientationLandscapeRight";
				INFOPLIST_KEY_UISupportedInterfaceOrientations_iPhone = "UIInterfaceOrientationPortrait UIInterfaceOrientationLandscapeLeft UIInterfaceOrientationLandscapeRight";
				IPHONEOS_DEPLOYMENT_TARGET = 13.0;
				LD_RUNPATH_SEARCH_PATHS = (
					"$(inherited)",
					"@executable_path/Frameworks",
				);
				MARKETING_VERSION = 1.0;
				PRODUCT_BUNDLE_IDENTIFIER = demo.GameDemo;
				PRODUCT_NAME = GameDemo;
				SDKROOT = iphoneos;
				SWIFT_EMIT_LOC_STRINGS = YES;
				SWIFT_VERSION = 5.0;
				TARGETED_DEVICE_FAMILY = "1,2";
			};
			name = Debug;
		};
		6F3A24C129FB57C700CC8DBD /* Release */ = {
			isa = XCBuildConfiguration;
			baseConfigurationReference = B60EED2961B6FE67DF3E3FD3 /* Pods-GameDemo iOS.release.xcconfig */;
			buildSettings = {
				ASSETCATALOG_COMPILER_APPICON_NAME = AppIcon;
				ASSETCATALOG_COMPILER_GLOBAL_ACCENT_COLOR_NAME = AccentColor;
				CODE_SIGN_ENTITLEMENTS = "GameDemo iOS/GameDemo iOS.entitlements";
				CODE_SIGN_STYLE = Automatic;
				CURRENT_PROJECT_VERSION = 1;
				DEVELOPMENT_TEAM = V89PMZ37N9;
				GENERATE_INFOPLIST_FILE = YES;
				INFOPLIST_KEY_NSLocalNetworkUsageDescription = need;
				INFOPLIST_KEY_UIApplicationSupportsIndirectInputEvents = YES;
				INFOPLIST_KEY_UILaunchStoryboardName = LaunchScreen;
				INFOPLIST_KEY_UIMainStoryboardFile = Main;
				INFOPLIST_KEY_UIStatusBarHidden = YES;
				INFOPLIST_KEY_UISupportedInterfaceOrientations_iPad = "UIInterfaceOrientationPortrait UIInterfaceOrientationPortraitUpsideDown UIInterfaceOrientationLandscapeLeft UIInterfaceOrientationLandscapeRight";
				INFOPLIST_KEY_UISupportedInterfaceOrientations_iPhone = "UIInterfaceOrientationPortrait UIInterfaceOrientationLandscapeLeft UIInterfaceOrientationLandscapeRight";
				IPHONEOS_DEPLOYMENT_TARGET = 13.0;
				LD_RUNPATH_SEARCH_PATHS = (
					"$(inherited)",
					"@executable_path/Frameworks",
				);
				MARKETING_VERSION = 1.0;
				PRODUCT_BUNDLE_IDENTIFIER = demo.GameDemo;
				PRODUCT_NAME = GameDemo;
				SDKROOT = iphoneos;
				SWIFT_EMIT_LOC_STRINGS = YES;
				SWIFT_VERSION = 5.0;
				TARGETED_DEVICE_FAMILY = "1,2";
				VALIDATE_PRODUCT = YES;
			};
			name = Release;
		};
		6F3A24C329FB57C700CC8DBD /* Debug */ = {
			isa = XCBuildConfiguration;
			baseConfigurationReference = 16A7BAB4790FB698AD2AFE2F /* Pods-GameDemo macOS.debug.xcconfig */;
			buildSettings = {
				ASSETCATALOG_COMPILER_APPICON_NAME = AppIcon;
				ASSETCATALOG_COMPILER_GLOBAL_ACCENT_COLOR_NAME = AccentColor;
				CODE_SIGN_ENTITLEMENTS = "GameDemo macOS/GameDemo_macOS.entitlements";
				CODE_SIGN_STYLE = Automatic;
				COMBINE_HIDPI_IMAGES = YES;
				CURRENT_PROJECT_VERSION = 1;
				GENERATE_INFOPLIST_FILE = YES;
				INFOPLIST_KEY_NSHumanReadableCopyright = "";
				INFOPLIST_KEY_NSMainStoryboardFile = Main;
				INFOPLIST_KEY_NSPrincipalClass = NSApplication;
				LD_RUNPATH_SEARCH_PATHS = (
					"$(inherited)",
					"@executable_path/../Frameworks",
				);
				MACOSX_DEPLOYMENT_TARGET = 13.1;
				MARKETING_VERSION = 1.0;
				PRODUCT_BUNDLE_IDENTIFIER = demo.GameDemo;
				PRODUCT_NAME = GameDemo;
				SDKROOT = macosx;
				SWIFT_EMIT_LOC_STRINGS = YES;
				SWIFT_VERSION = 5.0;
			};
			name = Debug;
		};
		6F3A24C429FB57C700CC8DBD /* Release */ = {
			isa = XCBuildConfiguration;
			baseConfigurationReference = 5A1E3BC50CD5201C0582333E /* Pods-GameDemo macOS.release.xcconfig */;
			buildSettings = {
				ASSETCATALOG_COMPILER_APPICON_NAME = AppIcon;
				ASSETCATALOG_COMPILER_GLOBAL_ACCENT_COLOR_NAME = AccentColor;
				CODE_SIGN_ENTITLEMENTS = "GameDemo macOS/GameDemo_macOS.entitlements";
				CODE_SIGN_STYLE = Automatic;
				COMBINE_HIDPI_IMAGES = YES;
				CURRENT_PROJECT_VERSION = 1;
				GENERATE_INFOPLIST_FILE = YES;
				INFOPLIST_KEY_NSHumanReadableCopyright = "";
				INFOPLIST_KEY_NSMainStoryboardFile = Main;
				INFOPLIST_KEY_NSPrincipalClass = NSApplication;
				LD_RUNPATH_SEARCH_PATHS = (
					"$(inherited)",
					"@executable_path/../Frameworks",
				);
				MACOSX_DEPLOYMENT_TARGET = 13.1;
				MARKETING_VERSION = 1.0;
				PRODUCT_BUNDLE_IDENTIFIER = demo.GameDemo;
				PRODUCT_NAME = GameDemo;
				SDKROOT = macosx;
				SWIFT_EMIT_LOC_STRINGS = YES;
				SWIFT_VERSION = 5.0;
			};
			name = Release;
		};
/* End XCBuildConfiguration section */

/* Begin XCConfigurationList section */
		6F3A249029FB57C500CC8DBD /* Build configuration list for PBXProject "GameDemo" */ = {
			isa = XCConfigurationList;
			buildConfigurations = (
				6F3A24BD29FB57C700CC8DBD /* Debug */,
				6F3A24BE29FB57C700CC8DBD /* Release */,
			);
			defaultConfigurationIsVisible = 0;
			defaultConfigurationName = Release;
		};
		6F3A24BF29FB57C700CC8DBD /* Build configuration list for PBXNativeTarget "GameDemo iOS" */ = {
			isa = XCConfigurationList;
			buildConfigurations = (
				6F3A24C029FB57C700CC8DBD /* Debug */,
				6F3A24C129FB57C700CC8DBD /* Release */,
			);
			defaultConfigurationIsVisible = 0;
			defaultConfigurationName = Release;
		};
		6F3A24C229FB57C700CC8DBD /* Build configuration list for PBXNativeTarget "GameDemo macOS" */ = {
			isa = XCConfigurationList;
			buildConfigurations = (
				6F3A24C329FB57C700CC8DBD /* Debug */,
				6F3A24C429FB57C700CC8DBD /* Release */,
			);
			defaultConfigurationIsVisible = 0;
			defaultConfigurationName = Release;
		};
/* End XCConfigurationList section */
	};
	rootObject = 6F3A248D29FB57C500CC8DBD /* Project object */;
}
